
Microsoft Visual Studio Solution File, Format Version 12.00
# Visual Studio Version 16
VisualStudioVersion = 16.0.29306.81
MinimumVisualStudioVersion = 10.0.40219.1
Project("{FAE04EC0-301F-11D3-BF4B-00C04F79EFBC}") = "HACK_FMU_a", "HACK_FMU_a\HACK_FMU_a.csproj", "{F52812B7-9FD3-4909-B110-CDD0F7AF8408}"
EndProject
Global
	GlobalSection(SolutionConfigurationPlatforms) = preSolution
		Debug|Any CPU = Debug|Any CPU
		Release|Any CPU = Release|Any CPU
	EndGlobalSection
	GlobalSection(ProjectConfigurationPlatforms) = postSolution
		{F52812B7-9FD3-4909-B110-CDD0F7AF8408}.Debug|Any CPU.ActiveCfg = Debug|Any CPU
		{F52812B7-9FD3-4909-B110-CDD0F7AF8408}.Debug|Any CPU.Build.0 = Debug|Any CPU
		{F52812B7-9FD3-4909-B110-CDD0F7AF8408}.Release|Any CPU.ActiveCfg = Release|Any CPU
		{F52812B7-9FD3-4909-B110-CDD0F7AF8408}.Release|Any CPU.Build.0 = Release|Any CPU
	EndGlobalSection
	GlobalSection(SolutionProperties) = preSolution
		HideSolutionNode = FALSE
	EndGlobalSection
	GlobalSection(ExtensibilityGlobals) = postSolution
		SolutionGuid = {C64D280B-20E9-418A-ACFD-DF49799C2BCB}
	EndGlobalSection
EndGlobal
